
Microsoft Visual Studio Solution File, Format Version 12.00
# Visual Studio Version 16
VisualStudioVersion = 16.0.29728.190
MinimumVisualStudioVersion = 10.0.40219.1
Project("{FAE04EC0-301F-11D3-BF4B-00C04F79EFBC}") = "Solucion", "Solucion\Solucion.csproj", "{2352CDFA-711A-4811-9927-9125C51F911F}"
EndProject
Global
	GlobalSection(SolutionConfigurationPlatforms) = preSolution
		Debug|Any CPU = Debug|Any CPU
		Release|Any CPU = Release|Any CPU
	EndGlobalSection
	GlobalSection(ProjectConfigurationPlatforms) = postSolution
		{2352CDFA-711A-4811-9927-9125C51F911F}.Debug|Any CPU.ActiveCfg = Debug|Any CPU
		{2352CDFA-711A-4811-9927-9125C51F911F}.Debug|Any CPU.Build.0 = Debug|Any CPU
		{2352CDFA-711A-4811-9927-9125C51F911F}.Release|Any CPU.ActiveCfg = Release|Any CPU
		{2352CDFA-711A-4811-9927-9125C51F911F}.Release|Any CPU.Build.0 = Release|Any CPU
	EndGlobalSection
	GlobalSection(SolutionProperties) = preSolution
		HideSolutionNode = FALSE
	EndGlobalSection
	GlobalSection(ExtensibilityGlobals) = postSolution
		SolutionGuid = {8B977213-E1D3-4930-94D9-673A8E0DBE03}
	EndGlobalSection
EndGlobal
